
Microsoft Visual Studio Solution File, Format Version 12.00
# Visual Studio Version 17
VisualStudioVersion = 17.1.32414.318
MinimumVisualStudioVersion = 10.0.40219.1
Project("{FAE04EC0-301F-11D3-BF4B-00C04F79EFBC}") = "ConsoleApp1", "ConsoleApp1\ConsoleApp1.csproj", "{0606F4B5-AF17-44D2-95D3-116DAB97F385}"
EndProject
Project("{FAE04EC0-301F-11D3-BF4B-00C04F79EFBC}") = "TestProject1", "TestProject1\TestProject1.csproj", "{FEA8304C-0A54-4B09-A01F-B457B14CE54F}"
EndProject
Global
	GlobalSection(SolutionConfigurationPlatforms) = preSolution
		Debug|Any CPU = Debug|Any CPU
		Release|Any CPU = Release|Any CPU
	EndGlobalSection
	GlobalSection(ProjectConfigurationPlatforms) = postSolution
		{0606F4B5-AF17-44D2-95D3-116DAB97F385}.Debug|Any CPU.ActiveCfg = Debug|Any CPU
		{0606F4B5-AF17-44D2-95D3-116DAB97F385}.Debug|Any CPU.Build.0 = Debug|Any CPU
		{0606F4B5-AF17-44D2-95D3-116DAB97F385}.Release|Any CPU.ActiveCfg = Release|Any CPU
		{0606F4B5-AF17-44D2-95D3-116DAB97F385}.Release|Any CPU.Build.0 = Release|Any CPU
		{FEA8304C-0A54-4B09-A01F-B457B14CE54F}.Debug|Any CPU.ActiveCfg = Debug|Any CPU
		{FEA8304C-0A54-4B09-A01F-B457B14CE54F}.Debug|Any CPU.Build.0 = Debug|Any CPU
		{FEA8304C-0A54-4B09-A01F-B457B14CE54F}.Release|Any CPU.ActiveCfg = Release|Any CPU
		{FEA8304C-0A54-4B09-A01F-B457B14CE54F}.Release|Any CPU.Build.0 = Release|Any CPU
	EndGlobalSection
	GlobalSection(SolutionProperties) = preSolution
		HideSolutionNode = FALSE
	EndGlobalSection
	GlobalSection(ExtensibilityGlobals) = postSolution
		SolutionGuid = {B6A9D5FC-41FF-4105-9C41-959FE40A6FA5}
	EndGlobalSection
EndGlobal
